
Microsoft Visual Studio Solution File, Format Version 12.00
# Visual Studio Version 17
VisualStudioVersion = 17.11.35208.52
MinimumVisualStudioVersion = 10.0.40219.1
Project("{FAE04EC0-301F-11D3-BF4B-00C04F79EFBC}") = "JokesWebApp", "JokesWebApp\JokesWebApp.csproj", "{31950059-B989-40A9-BCD8-382A39697FA3}"
EndProject
Global
	GlobalSection(SolutionConfigurationPlatforms) = preSolution
		Debug|Any CPU = Debug|Any CPU
		Release|Any CPU = Release|Any CPU
	EndGlobalSection
	GlobalSection(ProjectConfigurationPlatforms) = postSolution
		{31950059-B989-40A9-BCD8-382A39697FA3}.Debug|Any CPU.ActiveCfg = Debug|Any CPU
		{31950059-B989-40A9-BCD8-382A39697FA3}.Debug|Any CPU.Build.0 = Debug|Any CPU
		{31950059-B989-40A9-BCD8-382A39697FA3}.Release|Any CPU.ActiveCfg = Release|Any CPU
		{31950059-B989-40A9-BCD8-382A39697FA3}.Release|Any CPU.Build.0 = Release|Any CPU
	EndGlobalSection
	GlobalSection(SolutionProperties) = preSolution
		HideSolutionNode = FALSE
	EndGlobalSection
	GlobalSection(ExtensibilityGlobals) = postSolution
		SolutionGuid = {BA6260AE-41E8-426F-9B1C-A2532A28CC63}
	EndGlobalSection
EndGlobal
